
Microsoft Visual Studio Solution File, Format Version 12.00
# Visual Studio Version 17
VisualStudioVersion = 17.0.31919.166
MinimumVisualStudioVersion = 10.0.40219.1
Project("{FAE04EC0-301F-11D3-BF4B-00C04F79EFBC}") = "BlazorApp1.Server", "BlazorApp1\Server\BlazorApp1.Server.csproj", "{BEC6F94F-806C-4455-8708-C33BD9AFF738}"
EndProject
Project("{FAE04EC0-301F-11D3-BF4B-00C04F79EFBC}") = "BlazorApp1.Client", "BlazorApp1\Client\BlazorApp1.Client.csproj", "{518E9B4A-BBC2-4AD8-96BD-969BCE44FF40}"
EndProject
Project("{FAE04EC0-301F-11D3-BF4B-00C04F79EFBC}") = "BlazorApp1.Shared", "BlazorApp1\Shared\BlazorApp1.Shared.csproj", "{66E54CB8-CBFB-48FF-8971-6A97F24C5009}"
EndProject
Project("{E53339B2-1760-4266-BCC7-CA923CBCF16C}") = "docker-compose", "docker-compose.dcproj", "{3BE12145-C5E0-4A74-9BA6-E51C05D5C0D0}"
EndProject
Global
	GlobalSection(SolutionConfigurationPlatforms) = preSolution
		Debug|Any CPU = Debug|Any CPU
		Release|Any CPU = Release|Any CPU
	EndGlobalSection
	GlobalSection(ProjectConfigurationPlatforms) = postSolution
		{BEC6F94F-806C-4455-8708-C33BD9AFF738}.Debug|Any CPU.ActiveCfg = Debug|Any CPU
		{BEC6F94F-806C-4455-8708-C33BD9AFF738}.Debug|Any CPU.Build.0 = Debug|Any CPU
		{BEC6F94F-806C-4455-8708-C33BD9AFF738}.Release|Any CPU.ActiveCfg = Release|Any CPU
		{BEC6F94F-806C-4455-8708-C33BD9AFF738}.Release|Any CPU.Build.0 = Release|Any CPU
		{518E9B4A-BBC2-4AD8-96BD-969BCE44FF40}.Debug|Any CPU.ActiveCfg = Debug|Any CPU
		{518E9B4A-BBC2-4AD8-96BD-969BCE44FF40}.Debug|Any CPU.Build.0 = Debug|Any CPU
		{518E9B4A-BBC2-4AD8-96BD-969BCE44FF40}.Release|Any CPU.ActiveCfg = Release|Any CPU
		{518E9B4A-BBC2-4AD8-96BD-969BCE44FF40}.Release|Any CPU.Build.0 = Release|Any CPU
		{66E54CB8-CBFB-48FF-8971-6A97F24C5009}.Debug|Any CPU.ActiveCfg = Debug|Any CPU
		{66E54CB8-CBFB-48FF-8971-6A97F24C5009}.Debug|Any CPU.Build.0 = Debug|Any CPU
		{66E54CB8-CBFB-48FF-8971-6A97F24C5009}.Release|Any CPU.ActiveCfg = Release|Any CPU
		{66E54CB8-CBFB-48FF-8971-6A97F24C5009}.Release|Any CPU.Build.0 = Release|Any CPU
		{3BE12145-C5E0-4A74-9BA6-E51C05D5C0D0}.Debug|Any CPU.ActiveCfg = Debug|Any CPU
		{3BE12145-C5E0-4A74-9BA6-E51C05D5C0D0}.Debug|Any CPU.Build.0 = Debug|Any CPU
		{3BE12145-C5E0-4A74-9BA6-E51C05D5C0D0}.Release|Any CPU.ActiveCfg = Release|Any CPU
		{3BE12145-C5E0-4A74-9BA6-E51C05D5C0D0}.Release|Any CPU.Build.0 = Release|Any CPU
	EndGlobalSection
	GlobalSection(SolutionProperties) = preSolution
		HideSolutionNode = FALSE
	EndGlobalSection
	GlobalSection(ExtensibilityGlobals) = postSolution
		SolutionGuid = {C14BDA8D-5B5D-417E-942C-85D24119A32B}
	EndGlobalSection
EndGlobal
